// !$*UTF8*$!
{
	archiveVersion = 1;
	classes = {
	};
	objectVersion = 46;
	objects = {

/* Begin PBXBuildFile section */
		1202716B1EADB93A0048298C /* ContentViewController.swift in Sources */ = {isa = PBXBuildFile; fileRef = 120271691EADB93A0048298C /* ContentViewController.swift */; };
		1202716C1EADB93A0048298C /* ContentViewController.xib in Resources */ = {isa = PBXBuildFile; fileRef = 1202716A1EADB93A0048298C /* ContentViewController.xib */; };
		12703FBE1EB6FE910070CBE8 /* BarGraphModel.swift in Sources */ = {isa = PBXBuildFile; fileRef = 12703FB81EB6FE910070CBE8 /* BarGraphModel.swift */; };
		12703FBF1EB6FE910070CBE8 /* PieChartModel.swift in Sources */ = {isa = PBXBuildFile; fileRef = 12703FB91EB6FE910070CBE8 /* PieChartModel.swift */; };
		12703FC01EB6FE910070CBE8 /* Toilet.swift in Sources */ = {isa = PBXBuildFile; fileRef = 12703FBA1EB6FE910070CBE8 /* Toilet.swift */; };
		12703FC11EB6FE910070CBE8 /* BarGraph.swift in Sources */ = {isa = PBXBuildFile; fileRef = 12703FBC1EB6FE910070CBE8 /* BarGraph.swift */; };
		12703FC21EB6FE910070CBE8 /* PieGraph.swift in Sources */ = {isa = PBXBuildFile; fileRef = 12703FBD1EB6FE910070CBE8 /* PieGraph.swift */; };
		129041EE1EB84E45009CE7DB /* NotificationCenter.framework in Frameworks */ = {isa = PBXBuildFile; fileRef = 129041ED1EB84E45009CE7DB /* NotificationCenter.framework */; };
		129041F31EB84E45009CE7DB /* TodayViewController.swift in Sources */ = {isa = PBXBuildFile; fileRef = 129041F21EB84E45009CE7DB /* TodayViewController.swift */; };
		129041F61EB84E45009CE7DB /* TodayViewController.xib in Resources */ = {isa = PBXBuildFile; fileRef = 129041F41EB84E45009CE7DB /* TodayViewController.xib */; };
		129041FA1EB84E45009CE7DB /* InfoPlist.strings in Resources */ = {isa = PBXBuildFile; fileRef = 129041F81EB84E45009CE7DB /* InfoPlist.strings */; };
		129041FD1EB84E45009CE7DB /* iQ2P-Today.appex in Embed App Extensions */ = {isa = PBXBuildFile; fileRef = 129041EB1EB84E45009CE7DB /* iQ2P-Today.appex */; settings = {ATTRIBUTES = (RemoveHeadersOnCopy, ); }; };
		12CE48681EA71DD700EAF189 /* AppDelegate.swift in Sources */ = {isa = PBXBuildFile; fileRef = 12CE48671EA71DD700EAF189 /* AppDelegate.swift */; };
		12CE486C1EA71DD700EAF189 /* Assets.xcassets in Resources */ = {isa = PBXBuildFile; fileRef = 12CE486B1EA71DD700EAF189 /* Assets.xcassets */; };
		12CE486F1EA71DD700EAF189 /* Main.storyboard in Resources */ = {isa = PBXBuildFile; fileRef = 12CE486D1EA71DD700EAF189 /* Main.storyboard */; };
		12CE487C1EA7204A00EAF189 /* SocketIO.framework.dSYM in Resources */ = {isa = PBXBuildFile; fileRef = 12CE487A1EA7204A00EAF189 /* SocketIO.framework.dSYM */; };
		12CE487D1EA7205000EAF189 /* SocketIO.framework in Frameworks */ = {isa = PBXBuildFile; fileRef = 12CE48791EA7204A00EAF189 /* SocketIO.framework */; };
		12CE487E1EA7205000EAF189 /* SocketIO.framework in Embed Frameworks */ = {isa = PBXBuildFile; fileRef = 12CE48791EA7204A00EAF189 /* SocketIO.framework */; settings = {ATTRIBUTES = (CodeSignOnCopy, RemoveHeadersOnCopy, ); }; };
/* End PBXBuildFile section */

/* Begin PBXContainerItemProxy section */
		129041FB1EB84E45009CE7DB /* PBXContainerItemProxy */ = {
			isa = PBXContainerItemProxy;
			containerPortal = 12CE485C1EA71DD700EAF189 /* Project object */;
			proxyType = 1;
			remoteGlobalIDString = 129041EA1EB84E45009CE7DB;
			remoteInfo = "iQ2P-Today";
		};
/* End PBXContainerItemProxy section */

/* Begin PBXCopyFilesBuildPhase section */
		129042011EB84E45009CE7DB /* Embed App Extensions */ = {
			isa = PBXCopyFilesBuildPhase;
			buildActionMask = 2147483647;
			dstPath = "";
			dstSubfolderSpec = 13;
			files = (
				129041FD1EB84E45009CE7DB /* iQ2P-Today.appex in Embed App Extensions */,
			);
			name = "Embed App Extensions";
			runOnlyForDeploymentPostprocessing = 0;
		};
		12CE487F1EA7205000EAF189 /* Embed Frameworks */ = {
			isa = PBXCopyFilesBuildPhase;
			buildActionMask = 2147483647;
			dstPath = "";
			dstSubfolderSpec = 10;
			files = (
				12CE487E1EA7205000EAF189 /* SocketIO.framework in Embed Frameworks */,
			);
			name = "Embed Frameworks";
			runOnlyForDeploymentPostprocessing = 0;
		};
/* End PBXCopyFilesBuildPhase section */

/* Begin PBXFileReference section */
		120271691EADB93A0048298C /* ContentViewController.swift */ = {isa = PBXFileReference; fileEncoding = 4; lastKnownFileType = sourcecode.swift; path = ContentViewController.swift; sourceTree = "<group>"; };
		1202716A1EADB93A0048298C /* ContentViewController.xib */ = {isa = PBXFileReference; fileEncoding = 4; lastKnownFileType = file.xib; path = ContentViewController.xib; sourceTree = "<group>"; };
		12703FB81EB6FE910070CBE8 /* BarGraphModel.swift */ = {isa = PBXFileReference; fileEncoding = 4; lastKnownFileType = sourcecode.swift; path = BarGraphModel.swift; sourceTree = "<group>"; };
		12703FB91EB6FE910070CBE8 /* PieChartModel.swift */ = {isa = PBXFileReference; fileEncoding = 4; lastKnownFileType = sourcecode.swift; path = PieChartModel.swift; sourceTree = "<group>"; };
		12703FBA1EB6FE910070CBE8 /* Toilet.swift */ = {isa = PBXFileReference; fileEncoding = 4; lastKnownFileType = sourcecode.swift; path = Toilet.swift; sourceTree = "<group>"; };
		12703FBC1EB6FE910070CBE8 /* BarGraph.swift */ = {isa = PBXFileReference; fileEncoding = 4; lastKnownFileType = sourcecode.swift; path = BarGraph.swift; sourceTree = "<group>"; };
		12703FBD1EB6FE910070CBE8 /* PieGraph.swift */ = {isa = PBXFileReference; fileEncoding = 4; lastKnownFileType = sourcecode.swift; path = PieGraph.swift; sourceTree = "<group>"; };
		129041EB1EB84E45009CE7DB /* iQ2P-Today.appex */ = {isa = PBXFileReference; explicitFileType = "wrapper.app-extension"; includeInIndex = 0; path = "iQ2P-Today.appex"; sourceTree = BUILT_PRODUCTS_DIR; };
		129041ED1EB84E45009CE7DB /* NotificationCenter.framework */ = {isa = PBXFileReference; lastKnownFileType = wrapper.framework; name = NotificationCenter.framework; path = System/Library/Frameworks/NotificationCenter.framework; sourceTree = SDKROOT; };
		129041F11EB84E45009CE7DB /* iQ2P_Today.entitlements */ = {isa = PBXFileReference; lastKnownFileType = text.plist.entitlements; path = iQ2P_Today.entitlements; sourceTree = "<group>"; };
		129041F21EB84E45009CE7DB /* TodayViewController.swift */ = {isa = PBXFileReference; lastKnownFileType = sourcecode.swift; path = TodayViewController.swift; sourceTree = "<group>"; };
		129041F51EB84E45009CE7DB /* Base */ = {isa = PBXFileReference; lastKnownFileType = file.xib; name = Base; path = Base.lproj/TodayViewController.xib; sourceTree = "<group>"; };
		129041F71EB84E45009CE7DB /* Info.plist */ = {isa = PBXFileReference; lastKnownFileType = text.plist.xml; path = Info.plist; sourceTree = "<group>"; };
		129041F91EB84E45009CE7DB /* en */ = {isa = PBXFileReference; lastKnownFileType = text.plist.strings; name = en; path = en.lproj/InfoPlist.strings; sourceTree = "<group>"; };
		12CE48641EA71DD700EAF189 /* iQ2P.app */ = {isa = PBXFileReference; explicitFileType = wrapper.application; includeInIndex = 0; path = iQ2P.app; sourceTree = BUILT_PRODUCTS_DIR; };
		12CE48671EA71DD700EAF189 /* AppDelegate.swift */ = {isa = PBXFileReference; lastKnownFileType = sourcecode.swift; path = AppDelegate.swift; sourceTree = "<group>"; };
		12CE486B1EA71DD700EAF189 /* Assets.xcassets */ = {isa = PBXFileReference; lastKnownFileType = folder.assetcatalog; path = Assets.xcassets; sourceTree = "<group>"; };
		12CE486E1EA71DD700EAF189 /* Base */ = {isa = PBXFileReference; lastKnownFileType = file.storyboard; name = Base; path = Base.lproj/Main.storyboard; sourceTree = "<group>"; };
		12CE48701EA71DD700EAF189 /* Info.plist */ = {isa = PBXFileReference; lastKnownFileType = text.plist.xml; path = Info.plist; sourceTree = "<group>"; };
		12CE48791EA7204A00EAF189 /* SocketIO.framework */ = {isa = PBXFileReference; lastKnownFileType = wrapper.framework; path = SocketIO.framework; sourceTree = "<group>"; };
		12CE487A1EA7204A00EAF189 /* SocketIO.framework.dSYM */ = {isa = PBXFileReference; lastKnownFileType = wrapper.dsym; path = SocketIO.framework.dSYM; sourceTree = "<group>"; };
		12FB0E641EB8524C0042D78D /* iQ2P.entitlements */ = {isa = PBXFileReference; lastKnownFileType = text.plist.entitlements; path = iQ2P.entitlements; sourceTree = "<group>"; };
/* End PBXFileReference section */

/* Begin PBXFrameworksBuildPhase section */
		129041E81EB84E45009CE7DB /* Frameworks */ = {
			isa = PBXFrameworksBuildPhase;
			buildActionMask = 2147483647;
			files = (
				129041EE1EB84E45009CE7DB /* NotificationCenter.framework in Frameworks */,
			);
			runOnlyForDeploymentPostprocessing = 0;
		};
		12CE48611EA71DD700EAF189 /* Frameworks */ = {
			isa = PBXFrameworksBuildPhase;
			buildActionMask = 2147483647;
			files = (
				12CE487D1EA7205000EAF189 /* SocketIO.framework in Frameworks */,
			);
			runOnlyForDeploymentPostprocessing = 0;
		};
/* End PBXFrameworksBuildPhase section */

/* Begin PBXGroup section */
		12703FB71EB6FE910070CBE8 /* Models */ = {
			isa = PBXGroup;
			children = (
				12703FB81EB6FE910070CBE8 /* BarGraphModel.swift */,
				12703FB91EB6FE910070CBE8 /* PieChartModel.swift */,
				12703FBA1EB6FE910070CBE8 /* Toilet.swift */,
			);
			path = Models;
			sourceTree = "<group>";
		};
		12703FBB1EB6FE910070CBE8 /* Views */ = {
			isa = PBXGroup;
			children = (
				12703FBC1EB6FE910070CBE8 /* BarGraph.swift */,
				12703FBD1EB6FE910070CBE8 /* PieGraph.swift */,
			);
			path = Views;
			sourceTree = "<group>";
		};
		129041EC1EB84E45009CE7DB /* Frameworks */ = {
			isa = PBXGroup;
			children = (
				129041ED1EB84E45009CE7DB /* NotificationCenter.framework */,
			);
			name = Frameworks;
			sourceTree = "<group>";
		};
		129041EF1EB84E45009CE7DB /* iQ2P-Today */ = {
			isa = PBXGroup;
			children = (
				129041F21EB84E45009CE7DB /* TodayViewController.swift */,
				129041F41EB84E45009CE7DB /* TodayViewController.xib */,
				129041F71EB84E45009CE7DB /* Info.plist */,
				129041F81EB84E45009CE7DB /* InfoPlist.strings */,
				129041F01EB84E45009CE7DB /* Supporting Files */,
			);
			path = "iQ2P-Today";
			sourceTree = "<group>";
		};
		129041F01EB84E45009CE7DB /* Supporting Files */ = {
			isa = PBXGroup;
			children = (
				129041F11EB84E45009CE7DB /* iQ2P_Today.entitlements */,
			);
			name = "Supporting Files";
			sourceTree = "<group>";
		};
		12CE485B1EA71DD700EAF189 = {
			isa = PBXGroup;
			children = (
				12FB0E641EB8524C0042D78D /* iQ2P.entitlements */,
				12CE48761EA7204A00EAF189 /* Carthage */,
				12CE48661EA71DD700EAF189 /* Toilet-v3 */,
				129041EF1EB84E45009CE7DB /* iQ2P-Today */,
				129041EC1EB84E45009CE7DB /* Frameworks */,
				12CE48651EA71DD700EAF189 /* Products */,
			);
			sourceTree = "<group>";
		};
		12CE48651EA71DD700EAF189 /* Products */ = {
			isa = PBXGroup;
			children = (
				12CE48641EA71DD700EAF189 /* iQ2P.app */,
				129041EB1EB84E45009CE7DB /* iQ2P-Today.appex */,
			);
			name = Products;
			sourceTree = "<group>";
		};
		12CE48661EA71DD700EAF189 /* Toilet-v3 */ = {
			isa = PBXGroup;
			children = (
				12703FB71EB6FE910070CBE8 /* Models */,
				12703FBB1EB6FE910070CBE8 /* Views */,
				12CE48671EA71DD700EAF189 /* AppDelegate.swift */,
				12CE486B1EA71DD700EAF189 /* Assets.xcassets */,
				12CE486D1EA71DD700EAF189 /* Main.storyboard */,
				12CE48701EA71DD700EAF189 /* Info.plist */,
				120271691EADB93A0048298C /* ContentViewController.swift */,
				1202716A1EADB93A0048298C /* ContentViewController.xib */,
			);
			path = "Toilet-v3";
			sourceTree = "<group>";
		};
		12CE48761EA7204A00EAF189 /* Carthage */ = {
			isa = PBXGroup;
			children = (
				12CE48771EA7204A00EAF189 /* Build */,
			);
			path = Carthage;
			sourceTree = "<group>";
		};
		12CE48771EA7204A00EAF189 /* Build */ = {
			isa = PBXGroup;
			children = (
				12CE48781EA7204A00EAF189 /* Mac */,
			);
			path = Build;
			sourceTree = "<group>";
		};
		12CE48781EA7204A00EAF189 /* Mac */ = {
			isa = PBXGroup;
			children = (
				12CE48791EA7204A00EAF189 /* SocketIO.framework */,
				12CE487A1EA7204A00EAF189 /* SocketIO.framework.dSYM */,
			);
			path = Mac;
			sourceTree = "<group>";
		};
/* End PBXGroup section */

/* Begin PBXNativeTarget section */
		129041EA1EB84E45009CE7DB /* iQ2P-Today */ = {
			isa = PBXNativeTarget;
			buildConfigurationList = 129041FE1EB84E45009CE7DB /* Build configuration list for PBXNativeTarget "iQ2P-Today" */;
			buildPhases = (
				129041E71EB84E45009CE7DB /* Sources */,
				129041E81EB84E45009CE7DB /* Frameworks */,
				129041E91EB84E45009CE7DB /* Resources */,
			);
			buildRules = (
			);
			dependencies = (
			);
			name = "iQ2P-Today";
			productName = "iQ2P-Today";
			productReference = 129041EB1EB84E45009CE7DB /* iQ2P-Today.appex */;
			productType = "com.apple.product-type.app-extension";
		};
		12CE48631EA71DD700EAF189 /* iQ2P */ = {
			isa = PBXNativeTarget;
			buildConfigurationList = 12CE48731EA71DD700EAF189 /* Build configuration list for PBXNativeTarget "iQ2P" */;
			buildPhases = (
				12CE48601EA71DD700EAF189 /* Sources */,
				12CE48611EA71DD700EAF189 /* Frameworks */,
				12CE48621EA71DD700EAF189 /* Resources */,
				12CE487F1EA7205000EAF189 /* Embed Frameworks */,
				129042011EB84E45009CE7DB /* Embed App Extensions */,
			);
			buildRules = (
			);
			dependencies = (
				129041FC1EB84E45009CE7DB /* PBXTargetDependency */,
			);
			name = iQ2P;
			productName = "Toilet-v3";
			productReference = 12CE48641EA71DD700EAF189 /* iQ2P.app */;
			productType = "com.apple.product-type.application";
		};
/* End PBXNativeTarget section */

/* Begin PBXProject section */
		12CE485C1EA71DD700EAF189 /* Project object */ = {
			isa = PBXProject;
			attributes = {
				LastSwiftUpdateCheck = 0830;
				LastUpgradeCheck = 0830;
				ORGANIZATIONNAME = GRIDSTONE;
				TargetAttributes = {
					129041EA1EB84E45009CE7DB = {
						CreatedOnToolsVersion = 8.3;
						DevelopmentTeam = FNW7L4X44S;
						ProvisioningStyle = Automatic;
						SystemCapabilities = {
							com.apple.ApplicationGroups.Mac = {
								enabled = 1;
							};
						};
					};
					12CE48631EA71DD700EAF189 = {
						CreatedOnToolsVersion = 8.3;
						DevelopmentTeam = FNW7L4X44S;
						ProvisioningStyle = Automatic;
						SystemCapabilities = {
							com.apple.ApplicationGroups.Mac = {
								enabled = 1;
							};
						};
					};
				};
			};
			buildConfigurationList = 12CE485F1EA71DD700EAF189 /* Build configuration list for PBXProject "iQ2P" */;
			compatibilityVersion = "Xcode 3.2";
			developmentRegion = English;
			hasScannedForEncodings = 0;
			knownRegions = (
				en,
				Base,
			);
			mainGroup = 12CE485B1EA71DD700EAF189;
			productRefGroup = 12CE48651EA71DD700EAF189 /* Products */;
			projectDirPath = "";
			projectRoot = "";
			targets = (
				12CE48631EA71DD700EAF189 /* iQ2P */,
				129041EA1EB84E45009CE7DB /* iQ2P-Today */,
			);
		};
/* End PBXProject section */

/* Begin PBXResourcesBuildPhase section */
		129041E91EB84E45009CE7DB /* Resources */ = {
			isa = PBXResourcesBuildPhase;
			buildActionMask = 2147483647;
			files = (
				129041F61EB84E45009CE7DB /* TodayViewController.xib in Resources */,
				129041FA1EB84E45009CE7DB /* InfoPlist.strings in Resources */,
			);
			runOnlyForDeploymentPostprocessing = 0;
		};
		12CE48621EA71DD700EAF189 /* Resources */ = {
			isa = PBXResourcesBuildPhase;
			buildActionMask = 2147483647;
			files = (
				1202716C1EADB93A0048298C /* ContentViewController.xib in Resources */,
				12CE486C1EA71DD700EAF189 /* Assets.xcassets in Resources */,
				12CE487C1EA7204A00EAF189 /* SocketIO.framework.dSYM in Resources */,
				12CE486F1EA71DD700EAF189 /* Main.storyboard in Resources */,
			);
			runOnlyForDeploymentPostprocessing = 0;
		};
/* End PBXResourcesBuildPhase section */

/* Begin PBXSourcesBuildPhase section */
		129041E71EB84E45009CE7DB /* Sources */ = {
			isa = PBXSourcesBuildPhase;
			buildActionMask = 2147483647;
			files = (
				129041F31EB84E45009CE7DB /* TodayViewController.swift in Sources */,
			);
			runOnlyForDeploymentPostprocessing = 0;
		};
		12CE48601EA71DD700EAF189 /* Sources */ = {
			isa = PBXSourcesBuildPhase;
			buildActionMask = 2147483647;
			files = (
				12703FC11EB6FE910070CBE8 /* BarGraph.swift in Sources */,
				12703FBF1EB6FE910070CBE8 /* PieChartModel.swift in Sources */,
				1202716B1EADB93A0048298C /* ContentViewController.swift in Sources */,
				12CE48681EA71DD700EAF189 /* AppDelegate.swift in Sources */,
				12703FC21EB6FE910070CBE8 /* PieGraph.swift in Sources */,
				12703FC01EB6FE910070CBE8 /* Toilet.swift in Sources */,
				12703FBE1EB6FE910070CBE8 /* BarGraphModel.swift in Sources */,
			);
			runOnlyForDeploymentPostprocessing = 0;
		};
/* End PBXSourcesBuildPhase section */

/* Begin PBXTargetDependency section */
		129041FC1EB84E45009CE7DB /* PBXTargetDependency */ = {
			isa = PBXTargetDependency;
			target = 129041EA1EB84E45009CE7DB /* iQ2P-Today */;
			targetProxy = 129041FB1EB84E45009CE7DB /* PBXContainerItemProxy */;
		};
/* End PBXTargetDependency section */

/* Begin PBXVariantGroup section */
		129041F41EB84E45009CE7DB /* TodayViewController.xib */ = {
			isa = PBXVariantGroup;
			children = (
				129041F51EB84E45009CE7DB /* Base */,
			);
			name = TodayViewController.xib;
			sourceTree = "<group>";
		};
		129041F81EB84E45009CE7DB /* InfoPlist.strings */ = {
			isa = PBXVariantGroup;
			children = (
				129041F91EB84E45009CE7DB /* en */,
			);
			name = InfoPlist.strings;
			sourceTree = "<group>";
		};
		12CE486D1EA71DD700EAF189 /* Main.storyboard */ = {
			isa = PBXVariantGroup;
			children = (
				12CE486E1EA71DD700EAF189 /* Base */,
			);
			name = Main.storyboard;
			sourceTree = "<group>";
		};
/* End PBXVariantGroup section */

/* Begin XCBuildConfiguration section */
		129041FF1EB84E45009CE7DB /* Debug */ = {
			isa = XCBuildConfiguration;
			buildSettings = {
				CODE_SIGN_ENTITLEMENTS = "iQ2P-Today/iQ2P_Today.entitlements";
				CODE_SIGN_IDENTITY = "Mac Developer";
				COMBINE_HIDPI_IMAGES = YES;
				DEVELOPMENT_TEAM = FNW7L4X44S;
				INFOPLIST_FILE = "iQ2P-Today/Info.plist";
				LD_RUNPATH_SEARCH_PATHS = "$(inherited) @executable_path/../Frameworks @executable_path/../../../../Frameworks";
				MACOSX_DEPLOYMENT_TARGET = 10.10;
				PRODUCT_BUNDLE_IDENTIFIER = "au.com.gridstone.Toilet-v3.iQ2P-Today";
				PRODUCT_NAME = "$(TARGET_NAME)";
				SKIP_INSTALL = YES;
				SWIFT_VERSION = 3.0;
			};
			name = Debug;
		};
		129042001EB84E45009CE7DB /* Release */ = {
			isa = XCBuildConfiguration;
			buildSettings = {
				CODE_SIGN_ENTITLEMENTS = "iQ2P-Today/iQ2P_Today.entitlements";
				CODE_SIGN_IDENTITY = "Mac Developer";
				COMBINE_HIDPI_IMAGES = YES;
				DEVELOPMENT_TEAM = FNW7L4X44S;
				INFOPLIST_FILE = "iQ2P-Today/Info.plist";
				LD_RUNPATH_SEARCH_PATHS = "$(inherited) @executable_path/../Frameworks @executable_path/../../../../Frameworks";
				MACOSX_DEPLOYMENT_TARGET = 10.10;
				PRODUCT_BUNDLE_IDENTIFIER = "au.com.gridstone.Toilet-v3.iQ2P-Today";
				PRODUCT_NAME = "$(TARGET_NAME)";
				SKIP_INSTALL = YES;
				SWIFT_VERSION = 3.0;
			};
			name = Release;
		};
		12CE48711EA71DD700EAF189 /* Debug */ = {
			isa = XCBuildConfiguration;
			buildSettings = {
				ALWAYS_SEARCH_USER_PATHS = NO;
				CLANG_ANALYZER_NONNULL = YES;
				CLANG_ANALYZER_NUMBER_OBJECT_CONVERSION = YES_AGGRESSIVE;
				CLANG_CXX_LANGUAGE_STANDARD = "gnu++0x";
				CLANG_CXX_LIBRARY = "libc++";
				CLANG_ENABLE_MODULES = YES;
				CLANG_ENABLE_OBJC_ARC = YES;
				CLANG_WARN_BOOL_CONVERSION = YES;
				CLANG_WARN_CONSTANT_CONVERSION = YES;
				CLANG_WARN_DIRECT_OBJC_ISA_USAGE = YES_ERROR;
				CLANG_WARN_DOCUMENTATION_COMMENTS = YES;
				CLANG_WARN_EMPTY_BODY = YES;
				CLANG_WARN_ENUM_CONVERSION = YES;
				CLANG_WARN_INFINITE_RECURSION = YES;
				CLANG_WARN_INT_CONVERSION = YES;
				CLANG_WARN_OBJC_ROOT_CLASS = YES_ERROR;
				CLANG_WARN_SUSPICIOUS_MOVE = YES;
				CLANG_WARN_UNREACHABLE_CODE = YES;
				CLANG_WARN__DUPLICATE_METHOD_MATCH = YES;
				CODE_SIGN_IDENTITY = "-";
				COPY_PHASE_STRIP = NO;
				DEBUG_INFORMATION_FORMAT = dwarf;
				ENABLE_STRICT_OBJC_MSGSEND = YES;
				ENABLE_TESTABILITY = YES;
				GCC_C_LANGUAGE_STANDARD = gnu99;
				GCC_DYNAMIC_NO_PIC = NO;
				GCC_NO_COMMON_BLOCKS = YES;
				GCC_OPTIMIZATION_LEVEL = 0;
				GCC_PREPROCESSOR_DEFINITIONS = (
					"DEBUG=1",
					"$(inherited)",
				);
				GCC_WARN_64_TO_32_BIT_CONVERSION = YES;
				GCC_WARN_ABOUT_RETURN_TYPE = YES_ERROR;
				GCC_WARN_UNDECLARED_SELECTOR = YES;
				GCC_WARN_UNINITIALIZED_AUTOS = YES_AGGRESSIVE;
				GCC_WARN_UNUSED_FUNCTION = YES;
				GCC_WARN_UNUSED_VARIABLE = YES;
				MACOSX_DEPLOYMENT_TARGET = 10.10;
				MTL_ENABLE_DEBUG_INFO = YES;
				ONLY_ACTIVE_ARCH = YES;
				SDKROOT = macosx;
				SWIFT_ACTIVE_COMPILATION_CONDITIONS = DEBUG;
				SWIFT_OPTIMIZATION_LEVEL = "-Onone";
			};
			name = Debug;
		};
		12CE48721EA71DD700EAF189 /* Release */ = {
			isa = XCBuildConfiguration;
			buildSettings = {
				ALWAYS_SEARCH_USER_PATHS = NO;
				CLANG_ANALYZER_NONNULL = YES;
				CLANG_ANALYZER_NUMBER_OBJECT_CONVERSION = YES_AGGRESSIVE;
				CLANG_CXX_LANGUAGE_STANDARD = "gnu++0x";
				CLANG_CXX_LIBRARY = "libc++";
				CLANG_ENABLE_MODULES = YES;
				CLANG_ENABLE_OBJC_ARC = YES;
				CLANG_WARN_BOOL_CONVERSION = YES;
				CLANG_WARN_CONSTANT_CONVERSION = YES;
				CLANG_WARN_DIRECT_OBJC_ISA_USAGE = YES_ERROR;
				CLANG_WARN_DOCUMENTATION_COMMENTS = YES;
				CLANG_WARN_EMPTY_BODY = YES;
				CLANG_WARN_ENUM_CONVERSION = YES;
				CLANG_WARN_INFINITE_RECURSION = YES;
				CLANG_WARN_INT_CONVERSION = YES;
				CLANG_WARN_OBJC_ROOT_CLASS = YES_ERROR;
				CLANG_WARN_SUSPICIOUS_MOVE = YES;
				CLANG_WARN_UNREACHABLE_CODE = YES;
				CLANG_WARN__DUPLICATE_METHOD_MATCH = YES;
				CODE_SIGN_IDENTITY = "-";
				COPY_PHASE_STRIP = NO;
				DEBUG_INFORMATION_FORMAT = "dwarf-with-dsym";
				ENABLE_NS_ASSERTIONS = NO;
				ENABLE_STRICT_OBJC_MSGSEND = YES;
				GCC_C_LANGUAGE_STANDARD = gnu99;
				GCC_NO_COMMON_BLOCKS = YES;
				GCC_WARN_64_TO_32_BIT_CONVERSION = YES;
				GCC_WARN_ABOUT_RETURN_TYPE = YES_ERROR;
				GCC_WARN_UNDECLARED_SELECTOR = YES;
				GCC_WARN_UNINITIALIZED_AUTOS = YES_AGGRESSIVE;
				GCC_WARN_UNUSED_FUNCTION = YES;
				GCC_WARN_UNUSED_VARIABLE = YES;
				MACOSX_DEPLOYMENT_TARGET = 10.10;
				MTL_ENABLE_DEBUG_INFO = NO;
				SDKROOT = macosx;
				SWIFT_OPTIMIZATION_LEVEL = "-Owholemodule";
			};
			name = Release;
		};
		12CE48741EA71DD700EAF189 /* Debug */ = {
			isa = XCBuildConfiguration;
			buildSettings = {
				ALWAYS_EMBED_SWIFT_STANDARD_LIBRARIES = YES;
				ASSETCATALOG_COMPILER_APPICON_NAME = AppIcon;
				CODE_SIGN_ENTITLEMENTS = iQ2P.entitlements;
				CODE_SIGN_IDENTITY = "Mac Developer";
				COMBINE_HIDPI_IMAGES = YES;
				DEVELOPMENT_TEAM = "";
				FRAMEWORK_SEARCH_PATHS = (
					"$(inherited)",
					"$(PROJECT_DIR)/Carthage/Build/Mac",
				);
				INFOPLIST_FILE = "Toilet-v3/Info.plist";
				LD_RUNPATH_SEARCH_PATHS = "$(inherited) @executable_path/../Frameworks";
				MACOSX_DEPLOYMENT_TARGET = 10.10;
				PRODUCT_BUNDLE_IDENTIFIER = "au.com.gridstone.Toilet-v3";
				PRODUCT_NAME = "$(TARGET_NAME)";
				PROVISIONING_PROFILE_SPECIFIER = "";
				SWIFT_VERSION = 3.0;
			};
			name = Debug;
		};
		12CE48751EA71DD700EAF189 /* Release */ = {
			isa = XCBuildConfiguration;
			buildSettings = {
				ALWAYS_EMBED_SWIFT_STANDARD_LIBRARIES = YES;
				ASSETCATALOG_COMPILER_APPICON_NAME = AppIcon;
				CODE_SIGN_ENTITLEMENTS = iQ2P.entitlements;
				CODE_SIGN_IDENTITY = "Mac Developer";
				COMBINE_HIDPI_IMAGES = YES;
				DEVELOPMENT_TEAM = "";
				FRAMEWORK_SEARCH_PATHS = (
					"$(inherited)",
					"$(PROJECT_DIR)/Carthage/Build/Mac",
				);
				INFOPLIST_FILE = "Toilet-v3/Info.plist";
				LD_RUNPATH_SEARCH_PATHS = "$(inherited) @executable_path/../Frameworks";
				MACOSX_DEPLOYMENT_TARGET = 10.10;
				PRODUCT_BUNDLE_IDENTIFIER = "au.com.gridstone.Toilet-v3";
				PRODUCT_NAME = "$(TARGET_NAME)";
				PROVISIONING_PROFILE_SPECIFIER = "";
				SWIFT_OPTIMIZATION_LEVEL = "-Onone";
				SWIFT_VERSION = 3.0;
			};
			name = Release;
		};
/* End XCBuildConfiguration section */

/* Begin XCConfigurationList section */
		129041FE1EB84E45009CE7DB /* Build configuration list for PBXNativeTarget "iQ2P-Today" */ = {
			isa = XCConfigurationList;
			buildConfigurations = (
				129041FF1EB84E45009CE7DB /* Debug */,
				129042001EB84E45009CE7DB /* Release */,
			);
			defaultConfigurationIsVisible = 0;
			defaultConfigurationName = Release;
		};
		12CE485F1EA71DD700EAF189 /* Build configuration list for PBXProject "iQ2P" */ = {
			isa = XCConfigurationList;
			buildConfigurations = (
				12CE48711EA71DD700EAF189 /* Debug */,
				12CE48721EA71DD700EAF189 /* Release */,
			);
			defaultConfigurationIsVisible = 0;
			defaultConfigurationName = Release;
		};
		12CE48731EA71DD700EAF189 /* Build configuration list for PBXNativeTarget "iQ2P" */ = {
			isa = XCConfigurationList;
			buildConfigurations = (
				12CE48741EA71DD700EAF189 /* Debug */,
				12CE48751EA71DD700EAF189 /* Release */,
			);
			defaultConfigurationIsVisible = 0;
			defaultConfigurationName = Release;
		};
/* End XCConfigurationList section */
	};
	rootObject = 12CE485C1EA71DD700EAF189 /* Project object */;
}
